
Microsoft Visual Studio Solution File, Format Version 12.00
# Visual Studio 15
VisualStudioVersion = 15.0.28307.572
MinimumVisualStudioVersion = 10.0.40219.1
Project("{FAE04EC0-301F-11D3-BF4B-00C04F79EFBC}") = "Spider01", "Spider01\Spider01.csproj", "{2320C7ED-553C-4F1F-9E64-D31E2472C7B6}"
EndProject
Global
	GlobalSection(SolutionConfigurationPlatforms) = preSolution
		Debug|Any CPU = Debug|Any CPU
		Release|Any CPU = Release|Any CPU
	EndGlobalSection
	GlobalSection(ProjectConfigurationPlatforms) = postSolution
		{2320C7ED-553C-4F1F-9E64-D31E2472C7B6}.Debug|Any CPU.ActiveCfg = Debug|Any CPU
		{2320C7ED-553C-4F1F-9E64-D31E2472C7B6}.Debug|Any CPU.Build.0 = Debug|Any CPU
		{2320C7ED-553C-4F1F-9E64-D31E2472C7B6}.Release|Any CPU.ActiveCfg = Release|Any CPU
		{2320C7ED-553C-4F1F-9E64-D31E2472C7B6}.Release|Any CPU.Build.0 = Release|Any CPU
	EndGlobalSection
	GlobalSection(SolutionProperties) = preSolution
		HideSolutionNode = FALSE
	EndGlobalSection
	GlobalSection(ExtensibilityGlobals) = postSolution
		SolutionGuid = {B4EC579A-984C-43C4-82F7-E3948E9CE919}
	EndGlobalSection
EndGlobal
